
Microsoft Visual Studio Solution File, Format Version 12.00
# Visual Studio Version 16
VisualStudioVersion = 16.0.30413.136
MinimumVisualStudioVersion = 10.0.40219.1
Project("{FAE04EC0-301F-11D3-BF4B-00C04F79EFBC}") = "Assignment 8 Voting System", "Assignment 8 Voting System\Assignment 8 Voting System.csproj", "{F48C92E7-F17C-4435-A98C-EF060DB2108B}"
EndProject
Global
	GlobalSection(SolutionConfigurationPlatforms) = preSolution
		Debug|Any CPU = Debug|Any CPU
		Release|Any CPU = Release|Any CPU
	EndGlobalSection
	GlobalSection(ProjectConfigurationPlatforms) = postSolution
		{F48C92E7-F17C-4435-A98C-EF060DB2108B}.Debug|Any CPU.ActiveCfg = Debug|Any CPU
		{F48C92E7-F17C-4435-A98C-EF060DB2108B}.Debug|Any CPU.Build.0 = Debug|Any CPU
		{F48C92E7-F17C-4435-A98C-EF060DB2108B}.Release|Any CPU.ActiveCfg = Release|Any CPU
		{F48C92E7-F17C-4435-A98C-EF060DB2108B}.Release|Any CPU.Build.0 = Release|Any CPU
	EndGlobalSection
	GlobalSection(SolutionProperties) = preSolution
		HideSolutionNode = FALSE
	EndGlobalSection
	GlobalSection(ExtensibilityGlobals) = postSolution
		SolutionGuid = {7FD2AA29-C57F-4008-A8CC-1333064B58EB}
	EndGlobalSection
EndGlobal
